
Microsoft Visual Studio Solution File, Format Version 12.00
# Visual Studio Version 16
VisualStudioVersion = 16.0.30413.136
MinimumVisualStudioVersion = 10.0.40219.1
Project("{FAE04EC0-301F-11D3-BF4B-00C04F79EFBC}") = "BeatSync", "BeatSync\BeatSync.csproj", "{72E6418C-38D6-4B01-8753-6ABB8F0005A5}"
EndProject
Global
	GlobalSection(SolutionConfigurationPlatforms) = preSolution
		Debug|Any CPU = Debug|Any CPU
		Release|Any CPU = Release|Any CPU
	EndGlobalSection
	GlobalSection(ProjectConfigurationPlatforms) = postSolution
		{72E6418C-38D6-4B01-8753-6ABB8F0005A5}.Debug|Any CPU.ActiveCfg = Debug|Any CPU
		{72E6418C-38D6-4B01-8753-6ABB8F0005A5}.Debug|Any CPU.Build.0 = Debug|Any CPU
		{72E6418C-38D6-4B01-8753-6ABB8F0005A5}.Release|Any CPU.ActiveCfg = Release|Any CPU
		{72E6418C-38D6-4B01-8753-6ABB8F0005A5}.Release|Any CPU.Build.0 = Release|Any CPU
	EndGlobalSection
	GlobalSection(SolutionProperties) = preSolution
		HideSolutionNode = FALSE
	EndGlobalSection
	GlobalSection(ExtensibilityGlobals) = postSolution
		SolutionGuid = {D053A051-CA1D-446B-8234-E83378E9BC02}
	EndGlobalSection
EndGlobal
